
Microsoft Visual Studio Solution File, Format Version 12.00
Project("{FAE04EC0-301F-11D3-BF4B-00C04F79EFBC}") = "Customs.WebAPI", "Customs.WebAPI\Customs.WebAPI.csproj", "{6CD10F92-0EE9-4BB1-8E87-8CDC4F705A36}"
EndProject
Project("{FAE04EC0-301F-11D3-BF4B-00C04F79EFBC}") = "Customs.DAL", "Customs.DAL\Customs.DAL.csproj", "{5E211B47-F948-46E2-99C8-BE4D78E07369}"
EndProject
Global
	GlobalSection(SolutionConfigurationPlatforms) = preSolution
		Debug|Any CPU = Debug|Any CPU
		Release|Any CPU = Release|Any CPU
	EndGlobalSection
	GlobalSection(ProjectConfigurationPlatforms) = postSolution
		{6CD10F92-0EE9-4BB1-8E87-8CDC4F705A36}.Debug|Any CPU.ActiveCfg = Debug|Any CPU
		{6CD10F92-0EE9-4BB1-8E87-8CDC4F705A36}.Debug|Any CPU.Build.0 = Debug|Any CPU
		{6CD10F92-0EE9-4BB1-8E87-8CDC4F705A36}.Release|Any CPU.ActiveCfg = Release|Any CPU
		{6CD10F92-0EE9-4BB1-8E87-8CDC4F705A36}.Release|Any CPU.Build.0 = Release|Any CPU
		{5E211B47-F948-46E2-99C8-BE4D78E07369}.Debug|Any CPU.ActiveCfg = Debug|Any CPU
		{5E211B47-F948-46E2-99C8-BE4D78E07369}.Debug|Any CPU.Build.0 = Debug|Any CPU
		{5E211B47-F948-46E2-99C8-BE4D78E07369}.Release|Any CPU.ActiveCfg = Release|Any CPU
		{5E211B47-F948-46E2-99C8-BE4D78E07369}.Release|Any CPU.Build.0 = Release|Any CPU
	EndGlobalSection
EndGlobal
